
Microsoft Visual Studio Solution File, Format Version 12.00
# Visual Studio Version 16
VisualStudioVersion = 16.0.31321.278
MinimumVisualStudioVersion = 10.0.40219.1
Project("{FAE04EC0-301F-11D3-BF4B-00C04F79EFBC}") = "Atividade3", "Atividade3\Atividade3.csproj", "{24F29371-C70F-4ACC-AF5B-8B1688D20200}"
EndProject
Global
	GlobalSection(SolutionConfigurationPlatforms) = preSolution
		Debug|Any CPU = Debug|Any CPU
		Release|Any CPU = Release|Any CPU
	EndGlobalSection
	GlobalSection(ProjectConfigurationPlatforms) = postSolution
		{24F29371-C70F-4ACC-AF5B-8B1688D20200}.Debug|Any CPU.ActiveCfg = Debug|Any CPU
		{24F29371-C70F-4ACC-AF5B-8B1688D20200}.Debug|Any CPU.Build.0 = Debug|Any CPU
		{24F29371-C70F-4ACC-AF5B-8B1688D20200}.Release|Any CPU.ActiveCfg = Release|Any CPU
		{24F29371-C70F-4ACC-AF5B-8B1688D20200}.Release|Any CPU.Build.0 = Release|Any CPU
	EndGlobalSection
	GlobalSection(SolutionProperties) = preSolution
		HideSolutionNode = FALSE
	EndGlobalSection
	GlobalSection(ExtensibilityGlobals) = postSolution
		SolutionGuid = {50B3B78B-410D-49EC-B6D7-BFEAC36B1758}
	EndGlobalSection
EndGlobal
