
Microsoft Visual Studio Solution File, Format Version 12.00
# Visual Studio Version 16
VisualStudioVersion = 16.0.31321.278
MinimumVisualStudioVersion = 10.0.40219.1
Project("{FAE04EC0-301F-11D3-BF4B-00C04F79EFBC}") = "Atividade16", "Atividade16\Atividade16.csproj", "{C022EB4D-ECA9-4540-90AF-D886CBA7591B}"
EndProject
Global
	GlobalSection(SolutionConfigurationPlatforms) = preSolution
		Debug|Any CPU = Debug|Any CPU
		Release|Any CPU = Release|Any CPU
	EndGlobalSection
	GlobalSection(ProjectConfigurationPlatforms) = postSolution
		{C022EB4D-ECA9-4540-90AF-D886CBA7591B}.Debug|Any CPU.ActiveCfg = Debug|Any CPU
		{C022EB4D-ECA9-4540-90AF-D886CBA7591B}.Debug|Any CPU.Build.0 = Debug|Any CPU
		{C022EB4D-ECA9-4540-90AF-D886CBA7591B}.Release|Any CPU.ActiveCfg = Release|Any CPU
		{C022EB4D-ECA9-4540-90AF-D886CBA7591B}.Release|Any CPU.Build.0 = Release|Any CPU
	EndGlobalSection
	GlobalSection(SolutionProperties) = preSolution
		HideSolutionNode = FALSE
	EndGlobalSection
	GlobalSection(ExtensibilityGlobals) = postSolution
		SolutionGuid = {F2B51B04-A828-4292-A90F-385028740634}
	EndGlobalSection
EndGlobal
