
Microsoft Visual Studio Solution File, Format Version 12.00
# Visual Studio Version 16
VisualStudioVersion = 16.0.31321.278
MinimumVisualStudioVersion = 10.0.40219.1
Project("{FAE04EC0-301F-11D3-BF4B-00C04F79EFBC}") = "Multiplicacao", "Multiplicacao\Multiplicacao.csproj", "{AF7C2DF9-5C86-468C-AC04-6D80054D934C}"
EndProject
Global
	GlobalSection(SolutionConfigurationPlatforms) = preSolution
		Debug|Any CPU = Debug|Any CPU
		Release|Any CPU = Release|Any CPU
	EndGlobalSection
	GlobalSection(ProjectConfigurationPlatforms) = postSolution
		{AF7C2DF9-5C86-468C-AC04-6D80054D934C}.Debug|Any CPU.ActiveCfg = Debug|Any CPU
		{AF7C2DF9-5C86-468C-AC04-6D80054D934C}.Debug|Any CPU.Build.0 = Debug|Any CPU
		{AF7C2DF9-5C86-468C-AC04-6D80054D934C}.Release|Any CPU.ActiveCfg = Release|Any CPU
		{AF7C2DF9-5C86-468C-AC04-6D80054D934C}.Release|Any CPU.Build.0 = Release|Any CPU
	EndGlobalSection
	GlobalSection(SolutionProperties) = preSolution
		HideSolutionNode = FALSE
	EndGlobalSection
	GlobalSection(ExtensibilityGlobals) = postSolution
		SolutionGuid = {2DE08364-6073-4D2C-B9AD-68C9320234FA}
	EndGlobalSection
EndGlobal
