
Microsoft Visual Studio Solution File, Format Version 12.00
# Visual Studio Version 16
VisualStudioVersion = 16.0.31321.278
MinimumVisualStudioVersion = 10.0.40219.1
Project("{FAE04EC0-301F-11D3-BF4B-00C04F79EFBC}") = "Atividade7", "Atividade7\Atividade7.csproj", "{3B55D66A-0A59-46FC-895A-5C82EDD51D62}"
EndProject
Global
	GlobalSection(SolutionConfigurationPlatforms) = preSolution
		Debug|Any CPU = Debug|Any CPU
		Release|Any CPU = Release|Any CPU
	EndGlobalSection
	GlobalSection(ProjectConfigurationPlatforms) = postSolution
		{3B55D66A-0A59-46FC-895A-5C82EDD51D62}.Debug|Any CPU.ActiveCfg = Debug|Any CPU
		{3B55D66A-0A59-46FC-895A-5C82EDD51D62}.Debug|Any CPU.Build.0 = Debug|Any CPU
		{3B55D66A-0A59-46FC-895A-5C82EDD51D62}.Release|Any CPU.ActiveCfg = Release|Any CPU
		{3B55D66A-0A59-46FC-895A-5C82EDD51D62}.Release|Any CPU.Build.0 = Release|Any CPU
	EndGlobalSection
	GlobalSection(SolutionProperties) = preSolution
		HideSolutionNode = FALSE
	EndGlobalSection
	GlobalSection(ExtensibilityGlobals) = postSolution
		SolutionGuid = {C8A15EAA-6B4E-4DA0-B753-199F81066A7A}
	EndGlobalSection
EndGlobal
