
Microsoft Visual Studio Solution File, Format Version 12.00
# Visual Studio Version 16
VisualStudioVersion = 16.0.31321.278
MinimumVisualStudioVersion = 10.0.40219.1
Project("{FAE04EC0-301F-11D3-BF4B-00C04F79EFBC}") = "Atividade10", "Atividade10\Atividade10.csproj", "{14466ADC-3DD7-45ED-849D-88F33F7188D7}"
EndProject
Global
	GlobalSection(SolutionConfigurationPlatforms) = preSolution
		Debug|Any CPU = Debug|Any CPU
		Release|Any CPU = Release|Any CPU
	EndGlobalSection
	GlobalSection(ProjectConfigurationPlatforms) = postSolution
		{14466ADC-3DD7-45ED-849D-88F33F7188D7}.Debug|Any CPU.ActiveCfg = Debug|Any CPU
		{14466ADC-3DD7-45ED-849D-88F33F7188D7}.Debug|Any CPU.Build.0 = Debug|Any CPU
		{14466ADC-3DD7-45ED-849D-88F33F7188D7}.Release|Any CPU.ActiveCfg = Release|Any CPU
		{14466ADC-3DD7-45ED-849D-88F33F7188D7}.Release|Any CPU.Build.0 = Release|Any CPU
	EndGlobalSection
	GlobalSection(SolutionProperties) = preSolution
		HideSolutionNode = FALSE
	EndGlobalSection
	GlobalSection(ExtensibilityGlobals) = postSolution
		SolutionGuid = {506788D2-D630-4A40-B9F4-EED93201C734}
	EndGlobalSection
EndGlobal
