
Microsoft Visual Studio Solution File, Format Version 12.00
# Visual Studio Version 16
VisualStudioVersion = 16.0.31321.278
MinimumVisualStudioVersion = 10.0.40219.1
Project("{FAE04EC0-301F-11D3-BF4B-00C04F79EFBC}") = "NIvel4.27", "NIvel4.27\NIvel4.27.csproj", "{12C9B805-4702-4859-AC7D-76F9151EFA9B}"
EndProject
Global
	GlobalSection(SolutionConfigurationPlatforms) = preSolution
		Debug|Any CPU = Debug|Any CPU
		Release|Any CPU = Release|Any CPU
	EndGlobalSection
	GlobalSection(ProjectConfigurationPlatforms) = postSolution
		{12C9B805-4702-4859-AC7D-76F9151EFA9B}.Debug|Any CPU.ActiveCfg = Debug|Any CPU
		{12C9B805-4702-4859-AC7D-76F9151EFA9B}.Debug|Any CPU.Build.0 = Debug|Any CPU
		{12C9B805-4702-4859-AC7D-76F9151EFA9B}.Release|Any CPU.ActiveCfg = Release|Any CPU
		{12C9B805-4702-4859-AC7D-76F9151EFA9B}.Release|Any CPU.Build.0 = Release|Any CPU
	EndGlobalSection
	GlobalSection(SolutionProperties) = preSolution
		HideSolutionNode = FALSE
	EndGlobalSection
	GlobalSection(ExtensibilityGlobals) = postSolution
		SolutionGuid = {76114610-36D6-41C3-8485-5E0F074CB4DC}
	EndGlobalSection
EndGlobal
